{
  "name": "claude-session-cleaner",
  "version": "1.0.2",
  "lockfileVersion": 3,
  "requires": true,
  "packages": {
    "": {
      "name": "claude-session-cleaner",
      "version": "1.0.2",
      "license": "MIT",
      "bin": {
        "claude-session-cleaner": "bin/claude-session-cleaner.js"
      },
      "engines": {
        "node": ">=18"
      }
    }
  }
}
